
Microsoft Visual Studio Solution File, Format Version 12.00
# Visual Studio Version 16
VisualStudioVersion = 16.0.31129.286
MinimumVisualStudioVersion = 10.0.40219.1
Project("{FAE04EC0-301F-11D3-BF4B-00C04F79EFBC}") = "ESTUDIANTEStun", "ESTUDIANTEStun\ESTUDIANTEStun.csproj", "{88775C36-8645-4474-A3EE-D952EAE647E2}"
EndProject
Global
	GlobalSection(SolutionConfigurationPlatforms) = preSolution
		Debug|Any CPU = Debug|Any CPU
		Release|Any CPU = Release|Any CPU
	EndGlobalSection
	GlobalSection(ProjectConfigurationPlatforms) = postSolution
		{88775C36-8645-4474-A3EE-D952EAE647E2}.Debug|Any CPU.ActiveCfg = Debug|Any CPU
		{88775C36-8645-4474-A3EE-D952EAE647E2}.Debug|Any CPU.Build.0 = Debug|Any CPU
		{88775C36-8645-4474-A3EE-D952EAE647E2}.Release|Any CPU.ActiveCfg = Release|Any CPU
		{88775C36-8645-4474-A3EE-D952EAE647E2}.Release|Any CPU.Build.0 = Release|Any CPU
	EndGlobalSection
	GlobalSection(SolutionProperties) = preSolution
		HideSolutionNode = FALSE
	EndGlobalSection
	GlobalSection(ExtensibilityGlobals) = postSolution
		SolutionGuid = {0D085B84-E6B4-42C7-BDBA-0FDAFD856FF0}
	EndGlobalSection
EndGlobal
