
Microsoft Visual Studio Solution File, Format Version 12.00
# Visual Studio Version 16
VisualStudioVersion = 16.0.31313.79
MinimumVisualStudioVersion = 10.0.40219.1
Project("{FAE04EC0-301F-11D3-BF4B-00C04F79EFBC}") = "Registers", "Registers\Registers.csproj", "{ED6570AC-A222-48F8-800F-0F3D01927E26}"
EndProject
Project("{FAE04EC0-301F-11D3-BF4B-00C04F79EFBC}") = "Datos", "Datos\Datos.csproj", "{905968C0-C548-499A-ACDD-6FD3D907183B}"
EndProject
Global
	GlobalSection(SolutionConfigurationPlatforms) = preSolution
		Debug|Any CPU = Debug|Any CPU
		Release|Any CPU = Release|Any CPU
	EndGlobalSection
	GlobalSection(ProjectConfigurationPlatforms) = postSolution
		{ED6570AC-A222-48F8-800F-0F3D01927E26}.Debug|Any CPU.ActiveCfg = Debug|Any CPU
		{ED6570AC-A222-48F8-800F-0F3D01927E26}.Debug|Any CPU.Build.0 = Debug|Any CPU
		{ED6570AC-A222-48F8-800F-0F3D01927E26}.Release|Any CPU.ActiveCfg = Release|Any CPU
		{ED6570AC-A222-48F8-800F-0F3D01927E26}.Release|Any CPU.Build.0 = Release|Any CPU
		{905968C0-C548-499A-ACDD-6FD3D907183B}.Debug|Any CPU.ActiveCfg = Debug|Any CPU
		{905968C0-C548-499A-ACDD-6FD3D907183B}.Debug|Any CPU.Build.0 = Debug|Any CPU
		{905968C0-C548-499A-ACDD-6FD3D907183B}.Release|Any CPU.ActiveCfg = Release|Any CPU
		{905968C0-C548-499A-ACDD-6FD3D907183B}.Release|Any CPU.Build.0 = Release|Any CPU
	EndGlobalSection
	GlobalSection(SolutionProperties) = preSolution
		HideSolutionNode = FALSE
	EndGlobalSection
	GlobalSection(ExtensibilityGlobals) = postSolution
		SolutionGuid = {A2B4C585-BBC2-48FC-B38A-E813376CB3E1}
	EndGlobalSection
EndGlobal
